
Microsoft Visual Studio Solution File, Format Version 12.00
# Visual Studio 15
VisualStudioVersion = 15.0.28307.136
MinimumVisualStudioVersion = 10.0.40219.1
Project("{9A19103F-16F7-4668-BE54-9A1E7A4F7556}") = "nunitDemo", "nunitDemo\nunitDemo.csproj", "{E349459F-46EC-4306-BCE2-D907FB67F129}"
EndProject
Project("{FAE04EC0-301F-11D3-BF4B-00C04F79EFBC}") = "nunitProj", "nunitProj\nunitProj.csproj", "{ECE3925F-279C-4964-B29F-E44DA6FE5538}"
EndProject
Global
	GlobalSection(SolutionConfigurationPlatforms) = preSolution
		Debug|Any CPU = Debug|Any CPU
		Release|Any CPU = Release|Any CPU
	EndGlobalSection
	GlobalSection(ProjectConfigurationPlatforms) = postSolution
		{E349459F-46EC-4306-BCE2-D907FB67F129}.Debug|Any CPU.ActiveCfg = Debug|Any CPU
		{E349459F-46EC-4306-BCE2-D907FB67F129}.Debug|Any CPU.Build.0 = Debug|Any CPU
		{E349459F-46EC-4306-BCE2-D907FB67F129}.Release|Any CPU.ActiveCfg = Release|Any CPU
		{E349459F-46EC-4306-BCE2-D907FB67F129}.Release|Any CPU.Build.0 = Release|Any CPU
		{ECE3925F-279C-4964-B29F-E44DA6FE5538}.Debug|Any CPU.ActiveCfg = Debug|Any CPU
		{ECE3925F-279C-4964-B29F-E44DA6FE5538}.Debug|Any CPU.Build.0 = Debug|Any CPU
		{ECE3925F-279C-4964-B29F-E44DA6FE5538}.Release|Any CPU.ActiveCfg = Release|Any CPU
		{ECE3925F-279C-4964-B29F-E44DA6FE5538}.Release|Any CPU.Build.0 = Release|Any CPU
	EndGlobalSection
	GlobalSection(SolutionProperties) = preSolution
		HideSolutionNode = FALSE
	EndGlobalSection
	GlobalSection(ExtensibilityGlobals) = postSolution
		SolutionGuid = {D37FEC9E-491A-4464-ADFF-285F27B7A649}
	EndGlobalSection
EndGlobal
